#MicroXplorer Configuration settings - do not modify
#Thu Feb 27 15:55:38 PST 2014
File.Version=2
KeepUserPlacement=false
Mcu.Family=STM32F4
Mcu.IP0=NVIC
Mcu.IP1=RCC
Mcu.IP2=SPI1
Mcu.IP3=SYS
Mcu.IPNb=4
Mcu.Name=STM32F407V(E-G)Tx
Mcu.Package=LQFP100
Mcu.Pin0=PA0-WKUP
Mcu.Pin1=PA5
Mcu.Pin2=PA6
Mcu.Pin3=PA7
Mcu.Pin4=PB0
Mcu.Pin5=PB1
Mcu.Pin6=PA13
Mcu.Pin7=PA14
Mcu.Pin8=PB3
Mcu.PinsNb=9
Mcu.UserName=STM32F407VGTx
NVIC.SysTick_IRQn=true\:0\:0
PA0-WKUP.Mode=SYS-WakeUp
PA0-WKUP.Signal=SYS_WKUP
PA13.Mode=Trace-Asynchronous_SW
PA13.Signal=SYS_JTMS-SWDIO
PA14.Mode=Trace-Asynchronous_SW
PA14.Signal=SYS_JTCK-SWCLK
PA5.Mode=Full_Duplex_Master
PA5.Signal=SPI1_SCK
PA6.Mode=Full_Duplex_Master
PA6.Signal=SPI1_MISO
PA7.Mode=Full_Duplex_Master
PA7.Signal=SPI1_MOSI
PB0.GPIOParameters=GPIO_Speed,GPIO_PuPd,GPIO_Mode
PB0.GPIO_Mode=GPIO_MODE_OUTPUT_PP
PB0.GPIO_PuPd=GPIO_NOPULL
PB0.GPIO_Speed=GPIO_SPEED_LOW
PB0.Signal=GPIO_Output
PB1.GPIOParameters=GPIO_Speed,GPIO_PuPd,GPIO_Mode
PB1.GPIO_Mode=GPIO_MODE_OUTPUT_PP
PB1.GPIO_PuPd=GPIO_NOPULL
PB1.GPIO_Speed=GPIO_SPEED_LOW
PB1.Signal=GPIO_Output
PB3.Mode=Trace-Asynchronous_SW
PB3.Signal=SYS_JTDO-SWO
PCC.Family=STM32F4
PCC.MCU=STM32F407V(E-G)Tx
PCC.MXVersion=4.0.0
PCC.PartNumber=STM32F407VGTx
PCC.Seq0=0
PCC.SubFamily=STM32F407/417
PCC.Temperature=25
PCC.Vdd=3.3
ProjectManager.AskForMigrate=true
ProjectManager.BackupPrevious=false
ProjectManager.CompilerOptimize=2
ProjectManager.ComputerToolchain=false
ProjectManager.CoupleFile=false
ProjectManager.DeletePrevious=true
ProjectManager.DeviceId=STM32F407VGTx
ProjectManager.FirmwarePackage=STM32Cube FW_F4 V1.0.0
ProjectManager.FreePins=true
ProjectManager.KeepUserCode=true
ProjectManager.LastFirmware=true
ProjectManager.LibraryCopy=0
ProjectManager.ProjectBuild=false
ProjectManager.ProjectFileName=SPI.ioc
ProjectManager.ProjectName=SPI
ProjectManager.TargetToolchain=MDK-ARM 4.73
RCC.FamilyName=M
RCC.HSE_VALUE=25000000
RCC.HSI_VALUE=16000000
RCC.IPParameters=AHBFreq_Value,RTCHSEDivFreq_Value,APB2Freq_Value,VCOInputFreq_Value,48MHZClocksFreq_Value,SYSCLKFreq_VALUE,RTCFreq_Value,I2SClocksFreq_Value,VCOI2SOutputFreq_Value,LSI_VALUE,APB1Freq_Value,HSI_VALUE,HSE_VALUE,PLLCLKFreq_Value,LSE_VALUE,FamilyName,VCOOutputFreq_Value
RCC.LSE_VALUE=32768
RCC.LSI_VALUE=32000
SPI1.BaudRatePrescaler-Full_Duplex_Master=SPI_BAUDRATEPRESCALER_2
SPI1.CalculateBaudRate-Full_Duplex_Master=8.0 MBits/s
SPI1.IPParameters=CalculateBaudRate-Full_Duplex_Master,BaudRatePrescaler-Full_Duplex_Master,Mode-Full_Duplex_Master
SPI1.Mode-Full_Duplex_Master=SPI_MODE_MASTER
